// !$*UTF8*$!
{
	archiveVersion = 1;
	classes = {
	};
	objectVersion = 46;
	objects = {

/* Begin PBXBuildFile section */
		5A342BD31E8ADC8E00D82B0B /* AppDelegate.swift in Sources */ = {isa = PBXBuildFile; fileRef = 5A342BD21E8ADC8E00D82B0B /* AppDelegate.swift */; };
		5A342BD51E8ADC8E00D82B0B /* ViewController.swift in Sources */ = {isa = PBXBuildFile; fileRef = 5A342BD41E8ADC8E00D82B0B /* ViewController.swift */; };
		5A342BD81E8ADC8E00D82B0B /* Main.storyboard in Resources */ = {isa = PBXBuildFile; fileRef = 5A342BD61E8ADC8E00D82B0B /* Main.storyboard */; };
		5A342BDA1E8ADC8E00D82B0B /* Assets.xcassets in Resources */ = {isa = PBXBuildFile; fileRef = 5A342BD91E8ADC8E00D82B0B /* Assets.xcassets */; };
		5A342BDD1E8ADC8E00D82B0B /* LaunchScreen.storyboard in Resources */ = {isa = PBXBuildFile; fileRef = 5A342BDB1E8ADC8E00D82B0B /* LaunchScreen.storyboard */; };
		5A342BE81E8ADC8E00D82B0B /* VoiceCameraTests.swift in Sources */ = {isa = PBXBuildFile; fileRef = 5A342BE71E8ADC8E00D82B0B /* VoiceCameraTests.swift */; };
		5A342BF31E8ADC8E00D82B0B /* VoiceCameraUITests.swift in Sources */ = {isa = PBXBuildFile; fileRef = 5A342BF21E8ADC8E00D82B0B /* VoiceCameraUITests.swift */; };
		5A342C011E8ADCD200D82B0B /* BaseCameraViewController.swift in Sources */ = {isa = PBXBuildFile; fileRef = 5A342C001E8ADCD200D82B0B /* BaseCameraViewController.swift */; };
		5A342C041E8ADCE600D82B0B /* DefaultCameraViewController.swift in Sources */ = {isa = PBXBuildFile; fileRef = 5A342C021E8ADCE600D82B0B /* DefaultCameraViewController.swift */; };
		5A342C051E8ADCE600D82B0B /* VoiceCamera.storyboard in Resources */ = {isa = PBXBuildFile; fileRef = 5A342C031E8ADCE600D82B0B /* VoiceCamera.storyboard */; };
		5A342C081E8ADCF000D82B0B /* PreviewImageViewController.swift in Sources */ = {isa = PBXBuildFile; fileRef = 5A342C061E8ADCF000D82B0B /* PreviewImageViewController.swift */; };
		5A342C091E8ADCF000D82B0B /* PreviewImage.storyboard in Resources */ = {isa = PBXBuildFile; fileRef = 5A342C071E8ADCF000D82B0B /* PreviewImage.storyboard */; };
		5A342C0B1E8ADCFA00D82B0B /* AlbumAccess.swift in Sources */ = {isa = PBXBuildFile; fileRef = 5A342C0A1E8ADCFA00D82B0B /* AlbumAccess.swift */; };
		5A342C101E8ADFF000D82B0B /* VoiceCameraController.swift in Sources */ = {isa = PBXBuildFile; fileRef = 5A342C0F1E8ADFF000D82B0B /* VoiceCameraController.swift */; };
/* End PBXBuildFile section */

/* Begin PBXContainerItemProxy section */
		5A342BE41E8ADC8E00D82B0B /* PBXContainerItemProxy */ = {
			isa = PBXContainerItemProxy;
			containerPortal = 5A342BC71E8ADC8E00D82B0B /* Project object */;
			proxyType = 1;
			remoteGlobalIDString = 5A342BCE1E8ADC8E00D82B0B;
			remoteInfo = VoiceCamera;
		};
		5A342BEF1E8ADC8E00D82B0B /* PBXContainerItemProxy */ = {
			isa = PBXContainerItemProxy;
			containerPortal = 5A342BC71E8ADC8E00D82B0B /* Project object */;
			proxyType = 1;
			remoteGlobalIDString = 5A342BCE1E8ADC8E00D82B0B;
			remoteInfo = VoiceCamera;
		};
/* End PBXContainerItemProxy section */

/* Begin PBXFileReference section */
		5A342BCF1E8ADC8E00D82B0B /* VoiceCamera.app */ = {isa = PBXFileReference; explicitFileType = wrapper.application; includeInIndex = 0; path = VoiceCamera.app; sourceTree = BUILT_PRODUCTS_DIR; };
		5A342BD21E8ADC8E00D82B0B /* AppDelegate.swift */ = {isa = PBXFileReference; lastKnownFileType = sourcecode.swift; path = AppDelegate.swift; sourceTree = "<group>"; };
		5A342BD41E8ADC8E00D82B0B /* ViewController.swift */ = {isa = PBXFileReference; lastKnownFileType = sourcecode.swift; path = ViewController.swift; sourceTree = "<group>"; };
		5A342BD71E8ADC8E00D82B0B /* Base */ = {isa = PBXFileReference; lastKnownFileType = file.storyboard; name = Base; path = Base.lproj/Main.storyboard; sourceTree = "<group>"; };
		5A342BD91E8ADC8E00D82B0B /* Assets.xcassets */ = {isa = PBXFileReference; lastKnownFileType = folder.assetcatalog; path = Assets.xcassets; sourceTree = "<group>"; };
		5A342BDC1E8ADC8E00D82B0B /* Base */ = {isa = PBXFileReference; lastKnownFileType = file.storyboard; name = Base; path = Base.lproj/LaunchScreen.storyboard; sourceTree = "<group>"; };
		5A342BDE1E8ADC8E00D82B0B /* Info.plist */ = {isa = PBXFileReference; lastKnownFileType = text.plist.xml; path = Info.plist; sourceTree = "<group>"; };
		5A342BE31E8ADC8E00D82B0B /* VoiceCameraTests.xctest */ = {isa = PBXFileReference; explicitFileType = wrapper.cfbundle; includeInIndex = 0; path = VoiceCameraTests.xctest; sourceTree = BUILT_PRODUCTS_DIR; };
		5A342BE71E8ADC8E00D82B0B /* VoiceCameraTests.swift */ = {isa = PBXFileReference; lastKnownFileType = sourcecode.swift; path = VoiceCameraTests.swift; sourceTree = "<group>"; };
		5A342BE91E8ADC8E00D82B0B /* Info.plist */ = {isa = PBXFileReference; lastKnownFileType = text.plist.xml; path = Info.plist; sourceTree = "<group>"; };
		5A342BEE1E8ADC8E00D82B0B /* VoiceCameraUITests.xctest */ = {isa = PBXFileReference; explicitFileType = wrapper.cfbundle; includeInIndex = 0; path = VoiceCameraUITests.xctest; sourceTree = BUILT_PRODUCTS_DIR; };
		5A342BF21E8ADC8E00D82B0B /* VoiceCameraUITests.swift */ = {isa = PBXFileReference; lastKnownFileType = sourcecode.swift; path = VoiceCameraUITests.swift; sourceTree = "<group>"; };
		5A342BF41E8ADC8E00D82B0B /* Info.plist */ = {isa = PBXFileReference; lastKnownFileType = text.plist.xml; path = Info.plist; sourceTree = "<group>"; };
		5A342C001E8ADCD200D82B0B /* BaseCameraViewController.swift */ = {isa = PBXFileReference; fileEncoding = 4; lastKnownFileType = sourcecode.swift; path = BaseCameraViewController.swift; sourceTree = "<group>"; };
		5A342C021E8ADCE600D82B0B /* DefaultCameraViewController.swift */ = {isa = PBXFileReference; fileEncoding = 4; lastKnownFileType = sourcecode.swift; path = DefaultCameraViewController.swift; sourceTree = "<group>"; };
		5A342C031E8ADCE600D82B0B /* VoiceCamera.storyboard */ = {isa = PBXFileReference; fileEncoding = 4; lastKnownFileType = file.storyboard; path = VoiceCamera.storyboard; sourceTree = "<group>"; };
		5A342C061E8ADCF000D82B0B /* PreviewImageViewController.swift */ = {isa = PBXFileReference; fileEncoding = 4; lastKnownFileType = sourcecode.swift; path = PreviewImageViewController.swift; sourceTree = "<group>"; };
		5A342C071E8ADCF000D82B0B /* PreviewImage.storyboard */ = {isa = PBXFileReference; fileEncoding = 4; lastKnownFileType = file.storyboard; path = PreviewImage.storyboard; sourceTree = "<group>"; };
		5A342C0A1E8ADCFA00D82B0B /* AlbumAccess.swift */ = {isa = PBXFileReference; fileEncoding = 4; lastKnownFileType = sourcecode.swift; path = AlbumAccess.swift; sourceTree = "<group>"; };
		5A342C0F1E8ADFF000D82B0B /* VoiceCameraController.swift */ = {isa = PBXFileReference; fileEncoding = 4; lastKnownFileType = sourcecode.swift; path = VoiceCameraController.swift; sourceTree = "<group>"; };
/* End PBXFileReference section */

/* Begin PBXFrameworksBuildPhase section */
		5A342BCC1E8ADC8E00D82B0B /* Frameworks */ = {
			isa = PBXFrameworksBuildPhase;
			buildActionMask = 2147483647;
			files = (
			);
			runOnlyForDeploymentPostprocessing = 0;
		};
		5A342BE01E8ADC8E00D82B0B /* Frameworks */ = {
			isa = PBXFrameworksBuildPhase;
			buildActionMask = 2147483647;
			files = (
			);
			runOnlyForDeploymentPostprocessing = 0;
		};
		5A342BEB1E8ADC8E00D82B0B /* Frameworks */ = {
			isa = PBXFrameworksBuildPhase;
			buildActionMask = 2147483647;
			files = (
			);
			runOnlyForDeploymentPostprocessing = 0;
		};
/* End PBXFrameworksBuildPhase section */

/* Begin PBXGroup section */
		5A342BC61E8ADC8E00D82B0B = {
			isa = PBXGroup;
			children = (
				5A342BD11E8ADC8E00D82B0B /* VoiceCamera */,
				5A342BE61E8ADC8E00D82B0B /* VoiceCameraTests */,
				5A342BF11E8ADC8E00D82B0B /* VoiceCameraUITests */,
				5A342BD01E8ADC8E00D82B0B /* Products */,
			);
			sourceTree = "<group>";
		};
		5A342BD01E8ADC8E00D82B0B /* Products */ = {
			isa = PBXGroup;
			children = (
				5A342BCF1E8ADC8E00D82B0B /* VoiceCamera.app */,
				5A342BE31E8ADC8E00D82B0B /* VoiceCameraTests.xctest */,
				5A342BEE1E8ADC8E00D82B0B /* VoiceCameraUITests.xctest */,
			);
			name = Products;
			sourceTree = "<group>";
		};
		5A342BD11E8ADC8E00D82B0B /* VoiceCamera */ = {
			isa = PBXGroup;
			children = (
				5A342BD21E8ADC8E00D82B0B /* AppDelegate.swift */,
				5A342BD41E8ADC8E00D82B0B /* ViewController.swift */,
				5A342BD61E8ADC8E00D82B0B /* Main.storyboard */,
				5A342C0E1E8ADD2A00D82B0B /* Cam */,
				5A342C0D1E8ADD1600D82B0B /* Preview */,
				5A342C0C1E8ADD0700D82B0B /* Helper */,
				5A342BD91E8ADC8E00D82B0B /* Assets.xcassets */,
				5A342BDB1E8ADC8E00D82B0B /* LaunchScreen.storyboard */,
				5A342BDE1E8ADC8E00D82B0B /* Info.plist */,
			);
			path = VoiceCamera;
			sourceTree = "<group>";
		};
		5A342BE61E8ADC8E00D82B0B /* VoiceCameraTests */ = {
			isa = PBXGroup;
			children = (
				5A342BE71E8ADC8E00D82B0B /* VoiceCameraTests.swift */,
				5A342BE91E8ADC8E00D82B0B /* Info.plist */,
			);
			path = VoiceCameraTests;
			sourceTree = "<group>";
		};
		5A342BF11E8ADC8E00D82B0B /* VoiceCameraUITests */ = {
			isa = PBXGroup;
			children = (
				5A342BF21E8ADC8E00D82B0B /* VoiceCameraUITests.swift */,
				5A342BF41E8ADC8E00D82B0B /* Info.plist */,
			);
			path = VoiceCameraUITests;
			sourceTree = "<group>";
		};
		5A342C0C1E8ADD0700D82B0B /* Helper */ = {
			isa = PBXGroup;
			children = (
				5A342C0A1E8ADCFA00D82B0B /* AlbumAccess.swift */,
			);
			name = Helper;
			sourceTree = "<group>";
		};
		5A342C0D1E8ADD1600D82B0B /* Preview */ = {
			isa = PBXGroup;
			children = (
				5A342C061E8ADCF000D82B0B /* PreviewImageViewController.swift */,
				5A342C071E8ADCF000D82B0B /* PreviewImage.storyboard */,
			);
			name = Preview;
			sourceTree = "<group>";
		};
		5A342C0E1E8ADD2A00D82B0B /* Cam */ = {
			isa = PBXGroup;
			children = (
				5A342C001E8ADCD200D82B0B /* BaseCameraViewController.swift */,
				5A342C021E8ADCE600D82B0B /* DefaultCameraViewController.swift */,
				5A342C0F1E8ADFF000D82B0B /* VoiceCameraController.swift */,
				5A342C031E8ADCE600D82B0B /* VoiceCamera.storyboard */,
			);
			name = Cam;
			sourceTree = "<group>";
		};
/* End PBXGroup section */

/* Begin PBXNativeTarget section */
		5A342BCE1E8ADC8E00D82B0B /* VoiceCamera */ = {
			isa = PBXNativeTarget;
			buildConfigurationList = 5A342BF71E8ADC8E00D82B0B /* Build configuration list for PBXNativeTarget "VoiceCamera" */;
			buildPhases = (
				5A342BCB1E8ADC8E00D82B0B /* Sources */,
				5A342BCC1E8ADC8E00D82B0B /* Frameworks */,
				5A342BCD1E8ADC8E00D82B0B /* Resources */,
			);
			buildRules = (
			);
			dependencies = (
			);
			name = VoiceCamera;
			productName = VoiceCamera;
			productReference = 5A342BCF1E8ADC8E00D82B0B /* VoiceCamera.app */;
			productType = "com.apple.product-type.application";
		};
		5A342BE21E8ADC8E00D82B0B /* VoiceCameraTests */ = {
			isa = PBXNativeTarget;
			buildConfigurationList = 5A342BFA1E8ADC8E00D82B0B /* Build configuration list for PBXNativeTarget "VoiceCameraTests" */;
			buildPhases = (
				5A342BDF1E8ADC8E00D82B0B /* Sources */,
				5A342BE01E8ADC8E00D82B0B /* Frameworks */,
				5A342BE11E8ADC8E00D82B0B /* Resources */,
			);
			buildRules = (
			);
			dependencies = (
				5A342BE51E8ADC8E00D82B0B /* PBXTargetDependency */,
			);
			name = VoiceCameraTests;
			productName = VoiceCameraTests;
			productReference = 5A342BE31E8ADC8E00D82B0B /* VoiceCameraTests.xctest */;
			productType = "com.apple.product-type.bundle.unit-test";
		};
		5A342BED1E8ADC8E00D82B0B /* VoiceCameraUITests */ = {
			isa = PBXNativeTarget;
			buildConfigurationList = 5A342BFD1E8ADC8E00D82B0B /* Build configuration list for PBXNativeTarget "VoiceCameraUITests" */;
			buildPhases = (
				5A342BEA1E8ADC8E00D82B0B /* Sources */,
				5A342BEB1E8ADC8E00D82B0B /* Frameworks */,
				5A342BEC1E8ADC8E00D82B0B /* Resources */,
			);
			buildRules = (
			);
			dependencies = (
				5A342BF01E8ADC8E00D82B0B /* PBXTargetDependency */,
			);
			name = VoiceCameraUITests;
			productName = VoiceCameraUITests;
			productReference = 5A342BEE1E8ADC8E00D82B0B /* VoiceCameraUITests.xctest */;
			productType = "com.apple.product-type.bundle.ui-testing";
		};
/* End PBXNativeTarget section */

/* Begin PBXProject section */
		5A342BC71E8ADC8E00D82B0B /* Project object */ = {
			isa = PBXProject;
			attributes = {
				LastSwiftUpdateCheck = 0820;
				LastUpgradeCheck = 0820;
				ORGANIZATIONNAME = "Syunyo Kawamoto";
				TargetAttributes = {
					5A342BCE1E8ADC8E00D82B0B = {
						CreatedOnToolsVersion = 8.2.1;
						DevelopmentTeam = DZCQ76F8J7;
						ProvisioningStyle = Automatic;
					};
					5A342BE21E8ADC8E00D82B0B = {
						CreatedOnToolsVersion = 8.2.1;
						ProvisioningStyle = Automatic;
						TestTargetID = 5A342BCE1E8ADC8E00D82B0B;
					};
					5A342BED1E8ADC8E00D82B0B = {
						CreatedOnToolsVersion = 8.2.1;
						ProvisioningStyle = Automatic;
						TestTargetID = 5A342BCE1E8ADC8E00D82B0B;
					};
				};
			};
			buildConfigurationList = 5A342BCA1E8ADC8E00D82B0B /* Build configuration list for PBXProject "VoiceCamera" */;
			compatibilityVersion = "Xcode 3.2";
			developmentRegion = English;
			hasScannedForEncodings = 0;
			knownRegions = (
				en,
				Base,
			);
			mainGroup = 5A342BC61E8ADC8E00D82B0B;
			productRefGroup = 5A342BD01E8ADC8E00D82B0B /* Products */;
			projectDirPath = "";
			projectRoot = "";
			targets = (
				5A342BCE1E8ADC8E00D82B0B /* VoiceCamera */,
				5A342BE21E8ADC8E00D82B0B /* VoiceCameraTests */,
				5A342BED1E8ADC8E00D82B0B /* VoiceCameraUITests */,
			);
		};
/* End PBXProject section */

/* Begin PBXResourcesBuildPhase section */
		5A342BCD1E8ADC8E00D82B0B /* Resources */ = {
			isa = PBXResourcesBuildPhase;
			buildActionMask = 2147483647;
			files = (
				5A342BDD1E8ADC8E00D82B0B /* LaunchScreen.storyboard in Resources */,
				5A342C051E8ADCE600D82B0B /* VoiceCamera.storyboard in Resources */,
				5A342BDA1E8ADC8E00D82B0B /* Assets.xcassets in Resources */,
				5A342C091E8ADCF000D82B0B /* PreviewImage.storyboard in Resources */,
				5A342BD81E8ADC8E00D82B0B /* Main.storyboard in Resources */,
			);
			runOnlyForDeploymentPostprocessing = 0;
		};
		5A342BE11E8ADC8E00D82B0B /* Resources */ = {
			isa = PBXResourcesBuildPhase;
			buildActionMask = 2147483647;
			files = (
			);
			runOnlyForDeploymentPostprocessing = 0;
		};
		5A342BEC1E8ADC8E00D82B0B /* Resources */ = {
			isa = PBXResourcesBuildPhase;
			buildActionMask = 2147483647;
			files = (
			);
			runOnlyForDeploymentPostprocessing = 0;
		};
/* End PBXResourcesBuildPhase section */

/* Begin PBXSourcesBuildPhase section */
		5A342BCB1E8ADC8E00D82B0B /* Sources */ = {
			isa = PBXSourcesBuildPhase;
			buildActionMask = 2147483647;
			files = (
				5A342C011E8ADCD200D82B0B /* BaseCameraViewController.swift in Sources */,
				5A342C0B1E8ADCFA00D82B0B /* AlbumAccess.swift in Sources */,
				5A342BD51E8ADC8E00D82B0B /* ViewController.swift in Sources */,
				5A342BD31E8ADC8E00D82B0B /* AppDelegate.swift in Sources */,
				5A342C041E8ADCE600D82B0B /* DefaultCameraViewController.swift in Sources */,
				5A342C101E8ADFF000D82B0B /* VoiceCameraController.swift in Sources */,
				5A342C081E8ADCF000D82B0B /* PreviewImageViewController.swift in Sources */,
			);
			runOnlyForDeploymentPostprocessing = 0;
		};
		5A342BDF1E8ADC8E00D82B0B /* Sources */ = {
			isa = PBXSourcesBuildPhase;
			buildActionMask = 2147483647;
			files = (
				5A342BE81E8ADC8E00D82B0B /* VoiceCameraTests.swift in Sources */,
			);
			runOnlyForDeploymentPostprocessing = 0;
		};
		5A342BEA1E8ADC8E00D82B0B /* Sources */ = {
			isa = PBXSourcesBuildPhase;
			buildActionMask = 2147483647;
			files = (
				5A342BF31E8ADC8E00D82B0B /* VoiceCameraUITests.swift in Sources */,
			);
			runOnlyForDeploymentPostprocessing = 0;
		};
/* End PBXSourcesBuildPhase section */

/* Begin PBXTargetDependency section */
		5A342BE51E8ADC8E00D82B0B /* PBXTargetDependency */ = {
			isa = PBXTargetDependency;
			target = 5A342BCE1E8ADC8E00D82B0B /* VoiceCamera */;
			targetProxy = 5A342BE41E8ADC8E00D82B0B /* PBXContainerItemProxy */;
		};
		5A342BF01E8ADC8E00D82B0B /* PBXTargetDependency */ = {
			isa = PBXTargetDependency;
			target = 5A342BCE1E8ADC8E00D82B0B /* VoiceCamera */;
			targetProxy = 5A342BEF1E8ADC8E00D82B0B /* PBXContainerItemProxy */;
		};
/* End PBXTargetDependency section */

/* Begin PBXVariantGroup section */
		5A342BD61E8ADC8E00D82B0B /* Main.storyboard */ = {
			isa = PBXVariantGroup;
			children = (
				5A342BD71E8ADC8E00D82B0B /* Base */,
			);
			name = Main.storyboard;
			sourceTree = "<group>";
		};
		5A342BDB1E8ADC8E00D82B0B /* LaunchScreen.storyboard */ = {
			isa = PBXVariantGroup;
			children = (
				5A342BDC1E8ADC8E00D82B0B /* Base */,
			);
			name = LaunchScreen.storyboard;
			sourceTree = "<group>";
		};
/* End PBXVariantGroup section */

/* Begin XCBuildConfiguration section */
		5A342BF51E8ADC8E00D82B0B /* Debug */ = {
			isa = XCBuildConfiguration;
			buildSettings = {
				ALWAYS_SEARCH_USER_PATHS = NO;
				CLANG_ANALYZER_NONNULL = YES;
				CLANG_CXX_LANGUAGE_STANDARD = "gnu++0x";
				CLANG_CXX_LIBRARY = "libc++";
				CLANG_ENABLE_MODULES = YES;
				CLANG_ENABLE_OBJC_ARC = YES;
				CLANG_WARN_BOOL_CONVERSION = YES;
				CLANG_WARN_CONSTANT_CONVERSION = YES;
				CLANG_WARN_DIRECT_OBJC_ISA_USAGE = YES_ERROR;
				CLANG_WARN_DOCUMENTATION_COMMENTS = YES;
				CLANG_WARN_EMPTY_BODY = YES;
				CLANG_WARN_ENUM_CONVERSION = YES;
				CLANG_WARN_INFINITE_RECURSION = YES;
				CLANG_WARN_INT_CONVERSION = YES;
				CLANG_WARN_OBJC_ROOT_CLASS = YES_ERROR;
				CLANG_WARN_SUSPICIOUS_MOVE = YES;
				CLANG_WARN_UNREACHABLE_CODE = YES;
				CLANG_WARN__DUPLICATE_METHOD_MATCH = YES;
				"CODE_SIGN_IDENTITY[sdk=iphoneos*]" = "iPhone Developer";
				COPY_PHASE_STRIP = NO;
				DEBUG_INFORMATION_FORMAT = dwarf;
				ENABLE_STRICT_OBJC_MSGSEND = YES;
				ENABLE_TESTABILITY = YES;
				GCC_C_LANGUAGE_STANDARD = gnu99;
				GCC_DYNAMIC_NO_PIC = NO;
				GCC_NO_COMMON_BLOCKS = YES;
				GCC_OPTIMIZATION_LEVEL = 0;
				GCC_PREPROCESSOR_DEFINITIONS = (
					"DEBUG=1",
					"$(inherited)",
				);
				GCC_WARN_64_TO_32_BIT_CONVERSION = YES;
				GCC_WARN_ABOUT_RETURN_TYPE = YES_ERROR;
				GCC_WARN_UNDECLARED_SELECTOR = YES;
				GCC_WARN_UNINITIALIZED_AUTOS = YES_AGGRESSIVE;
				GCC_WARN_UNUSED_FUNCTION = YES;
				GCC_WARN_UNUSED_VARIABLE = YES;
				IPHONEOS_DEPLOYMENT_TARGET = 10.2;
				MTL_ENABLE_DEBUG_INFO = YES;
				ONLY_ACTIVE_ARCH = YES;
				SDKROOT = iphoneos;
				SWIFT_ACTIVE_COMPILATION_CONDITIONS = DEBUG;
				SWIFT_OPTIMIZATION_LEVEL = "-Onone";
				TARGETED_DEVICE_FAMILY = "1,2";
			};
			name = Debug;
		};
		5A342BF61E8ADC8E00D82B0B /* Release */ = {
			isa = XCBuildConfiguration;
			buildSettings = {
				ALWAYS_SEARCH_USER_PATHS = NO;
				CLANG_ANALYZER_NONNULL = YES;
				CLANG_CXX_LANGUAGE_STANDARD = "gnu++0x";
				CLANG_CXX_LIBRARY = "libc++";
				CLANG_ENABLE_MODULES = YES;
				CLANG_ENABLE_OBJC_ARC = YES;
				CLANG_WARN_BOOL_CONVERSION = YES;
				CLANG_WARN_CONSTANT_CONVERSION = YES;
				CLANG_WARN_DIRECT_OBJC_ISA_USAGE = YES_ERROR;
				CLANG_WARN_DOCUMENTATION_COMMENTS = YES;
				CLANG_WARN_EMPTY_BODY = YES;
				CLANG_WARN_ENUM_CONVERSION = YES;
				CLANG_WARN_INFINITE_RECURSION = YES;
				CLANG_WARN_INT_CONVERSION = YES;
				CLANG_WARN_OBJC_ROOT_CLASS = YES_ERROR;
				CLANG_WARN_SUSPICIOUS_MOVE = YES;
				CLANG_WARN_UNREACHABLE_CODE = YES;
				CLANG_WARN__DUPLICATE_METHOD_MATCH = YES;
				"CODE_SIGN_IDENTITY[sdk=iphoneos*]" = "iPhone Developer";
				COPY_PHASE_STRIP = NO;
				DEBUG_INFORMATION_FORMAT = "dwarf-with-dsym";
				ENABLE_NS_ASSERTIONS = NO;
				ENABLE_STRICT_OBJC_MSGSEND = YES;
				GCC_C_LANGUAGE_STANDARD = gnu99;
				GCC_NO_COMMON_BLOCKS = YES;
				GCC_WARN_64_TO_32_BIT_CONVERSION = YES;
				GCC_WARN_ABOUT_RETURN_TYPE = YES_ERROR;
				GCC_WARN_UNDECLARED_SELECTOR = YES;
				GCC_WARN_UNINITIALIZED_AUTOS = YES_AGGRESSIVE;
				GCC_WARN_UNUSED_FUNCTION = YES;
				GCC_WARN_UNUSED_VARIABLE = YES;
				IPHONEOS_DEPLOYMENT_TARGET = 10.2;
				MTL_ENABLE_DEBUG_INFO = NO;
				SDKROOT = iphoneos;
				SWIFT_OPTIMIZATION_LEVEL = "-Owholemodule";
				TARGETED_DEVICE_FAMILY = "1,2";
				VALIDATE_PRODUCT = YES;
			};
			name = Release;
		};
		5A342BF81E8ADC8E00D82B0B /* Debug */ = {
			isa = XCBuildConfiguration;
			buildSettings = {
				ASSETCATALOG_COMPILER_APPICON_NAME = AppIcon;
				DEVELOPMENT_TEAM = DZCQ76F8J7;
				INFOPLIST_FILE = VoiceCamera/Info.plist;
				LD_RUNPATH_SEARCH_PATHS = "$(inherited) @executable_path/Frameworks";
				PRODUCT_BUNDLE_IDENTIFIER = syunyooo.VoiceCamera;
				PRODUCT_NAME = "$(TARGET_NAME)";
				SWIFT_VERSION = 3.0;
				TARGETED_DEVICE_FAMILY = 1;
			};
			name = Debug;
		};
		5A342BF91E8ADC8E00D82B0B /* Release */ = {
			isa = XCBuildConfiguration;
			buildSettings = {
				ASSETCATALOG_COMPILER_APPICON_NAME = AppIcon;
				DEVELOPMENT_TEAM = DZCQ76F8J7;
				INFOPLIST_FILE = VoiceCamera/Info.plist;
				LD_RUNPATH_SEARCH_PATHS = "$(inherited) @executable_path/Frameworks";
				PRODUCT_BUNDLE_IDENTIFIER = syunyooo.VoiceCamera;
				PRODUCT_NAME = "$(TARGET_NAME)";
				SWIFT_VERSION = 3.0;
				TARGETED_DEVICE_FAMILY = 1;
			};
			name = Release;
		};
		5A342BFB1E8ADC8E00D82B0B /* Debug */ = {
			isa = XCBuildConfiguration;
			buildSettings = {
				ALWAYS_EMBED_SWIFT_STANDARD_LIBRARIES = YES;
				BUNDLE_LOADER = "$(TEST_HOST)";
				INFOPLIST_FILE = VoiceCameraTests/Info.plist;
				LD_RUNPATH_SEARCH_PATHS = "$(inherited) @executable_path/Frameworks @loader_path/Frameworks";
				PRODUCT_BUNDLE_IDENTIFIER = syunyooo.VoiceCameraTests;
				PRODUCT_NAME = "$(TARGET_NAME)";
				SWIFT_VERSION = 3.0;
				TEST_HOST = "$(BUILT_PRODUCTS_DIR)/VoiceCamera.app/VoiceCamera";
			};
			name = Debug;
		};
		5A342BFC1E8ADC8E00D82B0B /* Release */ = {
			isa = XCBuildConfiguration;
			buildSettings = {
				ALWAYS_EMBED_SWIFT_STANDARD_LIBRARIES = YES;
				BUNDLE_LOADER = "$(TEST_HOST)";
				INFOPLIST_FILE = VoiceCameraTests/Info.plist;
				LD_RUNPATH_SEARCH_PATHS = "$(inherited) @executable_path/Frameworks @loader_path/Frameworks";
				PRODUCT_BUNDLE_IDENTIFIER = syunyooo.VoiceCameraTests;
				PRODUCT_NAME = "$(TARGET_NAME)";
				SWIFT_VERSION = 3.0;
				TEST_HOST = "$(BUILT_PRODUCTS_DIR)/VoiceCamera.app/VoiceCamera";
			};
			name = Release;
		};
		5A342BFE1E8ADC8E00D82B0B /* Debug */ = {
			isa = XCBuildConfiguration;
			buildSettings = {
				ALWAYS_EMBED_SWIFT_STANDARD_LIBRARIES = YES;
				INFOPLIST_FILE = VoiceCameraUITests/Info.plist;
				LD_RUNPATH_SEARCH_PATHS = "$(inherited) @executable_path/Frameworks @loader_path/Frameworks";
				PRODUCT_BUNDLE_IDENTIFIER = syunyooo.VoiceCameraUITests;
				PRODUCT_NAME = "$(TARGET_NAME)";
				SWIFT_VERSION = 3.0;
				TEST_TARGET_NAME = VoiceCamera;
			};
			name = Debug;
		};
		5A342BFF1E8ADC8E00D82B0B /* Release */ = {
			isa = XCBuildConfiguration;
			buildSettings = {
				ALWAYS_EMBED_SWIFT_STANDARD_LIBRARIES = YES;
				INFOPLIST_FILE = VoiceCameraUITests/Info.plist;
				LD_RUNPATH_SEARCH_PATHS = "$(inherited) @executable_path/Frameworks @loader_path/Frameworks";
				PRODUCT_BUNDLE_IDENTIFIER = syunyooo.VoiceCameraUITests;
				PRODUCT_NAME = "$(TARGET_NAME)";
				SWIFT_VERSION = 3.0;
				TEST_TARGET_NAME = VoiceCamera;
			};
			name = Release;
		};
/* End XCBuildConfiguration section */

/* Begin XCConfigurationList section */
		5A342BCA1E8ADC8E00D82B0B /* Build configuration list for PBXProject "VoiceCamera" */ = {
			isa = XCConfigurationList;
			buildConfigurations = (
				5A342BF51E8ADC8E00D82B0B /* Debug */,
				5A342BF61E8ADC8E00D82B0B /* Release */,
			);
			defaultConfigurationIsVisible = 0;
			defaultConfigurationName = Release;
		};
		5A342BF71E8ADC8E00D82B0B /* Build configuration list for PBXNativeTarget "VoiceCamera" */ = {
			isa = XCConfigurationList;
			buildConfigurations = (
				5A342BF81E8ADC8E00D82B0B /* Debug */,
				5A342BF91E8ADC8E00D82B0B /* Release */,
			);
			defaultConfigurationIsVisible = 0;
		};
		5A342BFA1E8ADC8E00D82B0B /* Build configuration list for PBXNativeTarget "VoiceCameraTests" */ = {
			isa = XCConfigurationList;
			buildConfigurations = (
				5A342BFB1E8ADC8E00D82B0B /* Debug */,
				5A342BFC1E8ADC8E00D82B0B /* Release */,
			);
			defaultConfigurationIsVisible = 0;
		};
		5A342BFD1E8ADC8E00D82B0B /* Build configuration list for PBXNativeTarget "VoiceCameraUITests" */ = {
			isa = XCConfigurationList;
			buildConfigurations = (
				5A342BFE1E8ADC8E00D82B0B /* Debug */,
				5A342BFF1E8ADC8E00D82B0B /* Release */,
			);
			defaultConfigurationIsVisible = 0;
		};
/* End XCConfigurationList section */
	};
	rootObject = 5A342BC71E8ADC8E00D82B0B /* Project object */;
}
